// !$*UTF8*$!
{
	archiveVersion = 1;
	classes = {
	};
	objectVersion = 46;
	objects = {

/* Begin PBXBuildFile section */
		1E008FF81CDB8CED00DA179F /* XTUTProxy.m in Sources */ = {isa = PBXBuildFile; fileRef = 1E008FF71CDB8CED00DA179F /* XTUTProxy.m */; };
		1E2A90011CDCA27000CFE694 /* info.json in Resources */ = {isa = PBXBuildFile; fileRef = 1E2A90001CDCA27000CFE694 /* info.json */; };
		1E2A90031CDCADCC00CFE694 /* logo.png in Resources */ = {isa = PBXBuildFile; fileRef = 1E2A90021CDCADCC00CFE694 /* logo.png */; };
		1E2A90081CDCB29A00CFE694 /* ComplicatedViewController.m in Sources */ = {isa = PBXBuildFile; fileRef = 1E2A90071CDCB29A00CFE694 /* ComplicatedViewController.m */; };
		1E37899B1CDB2D190067C3D3 /* XTUniversalTableTests.m in Sources */ = {isa = PBXBuildFile; fileRef = 1E37899A1CDB2D190067C3D3 /* XTUniversalTableTests.m */; };
		1E3789A61CDB2D190067C3D3 /* XTUniversalTableUITests.m in Sources */ = {isa = PBXBuildFile; fileRef = 1E3789A51CDB2D190067C3D3 /* XTUniversalTableUITests.m */; };
		1E3789C01CDB2D590067C3D3 /* AppDelegate.m in Sources */ = {isa = PBXBuildFile; fileRef = 1E3789B51CDB2D590067C3D3 /* AppDelegate.m */; };
		1E3789C11CDB2D590067C3D3 /* Assets.xcassets in Resources */ = {isa = PBXBuildFile; fileRef = 1E3789B61CDB2D590067C3D3 /* Assets.xcassets */; };
		1E3789C21CDB2D590067C3D3 /* LaunchScreen.storyboard in Resources */ = {isa = PBXBuildFile; fileRef = 1E3789B71CDB2D590067C3D3 /* LaunchScreen.storyboard */; };
		1E3789C31CDB2D590067C3D3 /* Main.storyboard in Resources */ = {isa = PBXBuildFile; fileRef = 1E3789B91CDB2D590067C3D3 /* Main.storyboard */; };
		1E3789C41CDB2D590067C3D3 /* Info.plist in Resources */ = {isa = PBXBuildFile; fileRef = 1E3789BB1CDB2D590067C3D3 /* Info.plist */; };
		1E3789C51CDB2D590067C3D3 /* main.m in Sources */ = {isa = PBXBuildFile; fileRef = 1E3789BC1CDB2D590067C3D3 /* main.m */; };
		1E8B12CF1CDC28EC0071EF2A /* XTUTRow.m in Sources */ = {isa = PBXBuildFile; fileRef = 1E8B12C81CDC28EC0071EF2A /* XTUTRow.m */; };
		1E8B12D01CDC28EC0071EF2A /* XTUTSection.m in Sources */ = {isa = PBXBuildFile; fileRef = 1E8B12CA1CDC28EC0071EF2A /* XTUTSection.m */; };
		1E8B12D81CDC2B110071EF2A /* XTUTSectionHeaderFooter.m in Sources */ = {isa = PBXBuildFile; fileRef = 1E8B12D71CDC2B110071EF2A /* XTUTSectionHeaderFooter.m */; };
		1E8B12DB1CDC367A0071EF2A /* RootTableViewController.m in Sources */ = {isa = PBXBuildFile; fileRef = 1E8B12DA1CDC367A0071EF2A /* RootTableViewController.m */; };
		1E8B12DF1CDC37570071EF2A /* SimpleViewController.m in Sources */ = {isa = PBXBuildFile; fileRef = 1E8B12DE1CDC37570071EF2A /* SimpleViewController.m */; };
		1E8B12E31CDC38D50071EF2A /* cities.json in Resources */ = {isa = PBXBuildFile; fileRef = 1E8B12E21CDC38D50071EF2A /* cities.json */; };
		1E8B12E91CDC4D680071EF2A /* SimpleCell.m in Sources */ = {isa = PBXBuildFile; fileRef = 1E8B12E81CDC4D680071EF2A /* SimpleCell.m */; };
		1ECC86E71CE07FE900C60E8D /* ResumeSectionHeaderView.m in Sources */ = {isa = PBXBuildFile; fileRef = 1ECC86E41CE07FE900C60E8D /* ResumeSectionHeaderView.m */; };
		1ECC86EB1CE0800C00C60E8D /* ResumeSectionHeader.m in Sources */ = {isa = PBXBuildFile; fileRef = 1ECC86EA1CE0800C00C60E8D /* ResumeSectionHeader.m */; };
		1ECC86ED1CE08A5100C60E8D /* ResumeSectionHeaderView.xib in Resources */ = {isa = PBXBuildFile; fileRef = 1ECC86EC1CE08A5100C60E8D /* ResumeSectionHeaderView.xib */; };
		1ECC86F01CE08E7000C60E8D /* ResumeBaseInfoCell.m in Sources */ = {isa = PBXBuildFile; fileRef = 1ECC86EF1CE08E7000C60E8D /* ResumeBaseInfoCell.m */; };
		1ECC86F41CE0A46600C60E8D /* NSAttributedString+XTConvenience.m in Sources */ = {isa = PBXBuildFile; fileRef = 1ECC86F31CE0A46600C60E8D /* NSAttributedString+XTConvenience.m */; };
		1ECC86F71CE0A58000C60E8D /* UIColor+XTConvenience.m in Sources */ = {isa = PBXBuildFile; fileRef = 1ECC86F61CE0A58000C60E8D /* UIColor+XTConvenience.m */; };
		1ECC87081CE1884100C60E8D /* NSObject+XTUTRow.m in Sources */ = {isa = PBXBuildFile; fileRef = 1ECC87071CE1884100C60E8D /* NSObject+XTUTRow.m */; };
		C2AB53F2D715A94D52CF48B0 /* libPods.a in Frameworks */ = {isa = PBXBuildFile; fileRef = 3C0832FD1A294B7E915F5788 /* libPods.a */; };
/* End PBXBuildFile section */

/* Begin PBXContainerItemProxy section */
		1E3789971CDB2D190067C3D3 /* PBXContainerItemProxy */ = {
			isa = PBXContainerItemProxy;
			containerPortal = 1E3789751CDB2D190067C3D3 /* Project object */;
			proxyType = 1;
			remoteGlobalIDString = 1E37897C1CDB2D190067C3D3;
			remoteInfo = XTUniversalTable;
		};
		1E3789A21CDB2D190067C3D3 /* PBXContainerItemProxy */ = {
			isa = PBXContainerItemProxy;
			containerPortal = 1E3789751CDB2D190067C3D3 /* Project object */;
			proxyType = 1;
			remoteGlobalIDString = 1E37897C1CDB2D190067C3D3;
			remoteInfo = XTUniversalTable;
		};
/* End PBXContainerItemProxy section */

/* Begin PBXFileReference section */
		1E008FF51CDB8CED00DA179F /* XTUTProtocols.h */ = {isa = PBXFileReference; fileEncoding = 4; lastKnownFileType = sourcecode.c.h; path = XTUTProtocols.h; sourceTree = "<group>"; };
		1E008FF61CDB8CED00DA179F /* XTUTProxy.h */ = {isa = PBXFileReference; fileEncoding = 4; lastKnownFileType = sourcecode.c.h; path = XTUTProxy.h; sourceTree = "<group>"; };
		1E008FF71CDB8CED00DA179F /* XTUTProxy.m */ = {isa = PBXFileReference; fileEncoding = 4; lastKnownFileType = sourcecode.c.objc; path = XTUTProxy.m; sourceTree = "<group>"; };
		1E2A90001CDCA27000CFE694 /* info.json */ = {isa = PBXFileReference; fileEncoding = 4; lastKnownFileType = text.json; path = info.json; sourceTree = "<group>"; };
		1E2A90021CDCADCC00CFE694 /* logo.png */ = {isa = PBXFileReference; lastKnownFileType = image.png; path = logo.png; sourceTree = "<group>"; };
		1E2A90061CDCB29A00CFE694 /* ComplicatedViewController.h */ = {isa = PBXFileReference; fileEncoding = 4; lastKnownFileType = sourcecode.c.h; path = ComplicatedViewController.h; sourceTree = "<group>"; };
		1E2A90071CDCB29A00CFE694 /* ComplicatedViewController.m */ = {isa = PBXFileReference; fileEncoding = 4; lastKnownFileType = sourcecode.c.objc; path = ComplicatedViewController.m; sourceTree = "<group>"; };
		1E37897D1CDB2D190067C3D3 /* XTUniversalTable.app */ = {isa = PBXFileReference; explicitFileType = wrapper.application; includeInIndex = 0; path = XTUniversalTable.app; sourceTree = BUILT_PRODUCTS_DIR; };
		1E3789961CDB2D190067C3D3 /* XTUniversalTableTests.xctest */ = {isa = PBXFileReference; explicitFileType = wrapper.cfbundle; includeInIndex = 0; path = XTUniversalTableTests.xctest; sourceTree = BUILT_PRODUCTS_DIR; };
		1E37899A1CDB2D190067C3D3 /* XTUniversalTableTests.m */ = {isa = PBXFileReference; lastKnownFileType = sourcecode.c.objc; path = XTUniversalTableTests.m; sourceTree = "<group>"; };
		1E37899C1CDB2D190067C3D3 /* Info.plist */ = {isa = PBXFileReference; lastKnownFileType = text.plist.xml; path = Info.plist; sourceTree = "<group>"; };
		1E3789A11CDB2D190067C3D3 /* XTUniversalTableUITests.xctest */ = {isa = PBXFileReference; explicitFileType = wrapper.cfbundle; includeInIndex = 0; path = XTUniversalTableUITests.xctest; sourceTree = BUILT_PRODUCTS_DIR; };
		1E3789A51CDB2D190067C3D3 /* XTUniversalTableUITests.m */ = {isa = PBXFileReference; lastKnownFileType = sourcecode.c.objc; path = XTUniversalTableUITests.m; sourceTree = "<group>"; };
		1E3789A71CDB2D190067C3D3 /* Info.plist */ = {isa = PBXFileReference; lastKnownFileType = text.plist.xml; path = Info.plist; sourceTree = "<group>"; };
		1E3789B41CDB2D590067C3D3 /* AppDelegate.h */ = {isa = PBXFileReference; fileEncoding = 4; lastKnownFileType = sourcecode.c.h; path = AppDelegate.h; sourceTree = "<group>"; };
		1E3789B51CDB2D590067C3D3 /* AppDelegate.m */ = {isa = PBXFileReference; fileEncoding = 4; lastKnownFileType = sourcecode.c.objc; path = AppDelegate.m; sourceTree = "<group>"; };
		1E3789B61CDB2D590067C3D3 /* Assets.xcassets */ = {isa = PBXFileReference; lastKnownFileType = folder.assetcatalog; path = Assets.xcassets; sourceTree = "<group>"; };
		1E3789B81CDB2D590067C3D3 /* Base */ = {isa = PBXFileReference; lastKnownFileType = file.storyboard; name = Base; path = Base.lproj/LaunchScreen.storyboard; sourceTree = "<group>"; };
		1E3789BA1CDB2D590067C3D3 /* Base */ = {isa = PBXFileReference; lastKnownFileType = file.storyboard; name = Base; path = Base.lproj/Main.storyboard; sourceTree = "<group>"; };
		1E3789BB1CDB2D590067C3D3 /* Info.plist */ = {isa = PBXFileReference; fileEncoding = 4; lastKnownFileType = text.plist.xml; path = Info.plist; sourceTree = "<group>"; };
		1E3789BC1CDB2D590067C3D3 /* main.m */ = {isa = PBXFileReference; fileEncoding = 4; lastKnownFileType = sourcecode.c.objc; path = main.m; sourceTree = "<group>"; };
		1E3789E91CDB49070067C3D3 /* XTUniversalTable.h */ = {isa = PBXFileReference; lastKnownFileType = sourcecode.c.h; path = XTUniversalTable.h; sourceTree = "<group>"; };
		1E8B12C71CDC28EC0071EF2A /* XTUTRow.h */ = {isa = PBXFileReference; fileEncoding = 4; lastKnownFileType = sourcecode.c.h; path = XTUTRow.h; sourceTree = "<group>"; };
		1E8B12C81CDC28EC0071EF2A /* XTUTRow.m */ = {isa = PBXFileReference; fileEncoding = 4; lastKnownFileType = sourcecode.c.objc; path = XTUTRow.m; sourceTree = "<group>"; };
		1E8B12C91CDC28EC0071EF2A /* XTUTSection.h */ = {isa = PBXFileReference; fileEncoding = 4; lastKnownFileType = sourcecode.c.h; path = XTUTSection.h; sourceTree = "<group>"; };
		1E8B12CA1CDC28EC0071EF2A /* XTUTSection.m */ = {isa = PBXFileReference; fileEncoding = 4; lastKnownFileType = sourcecode.c.objc; path = XTUTSection.m; sourceTree = "<group>"; };
		1E8B12D61CDC2B110071EF2A /* XTUTSectionHeaderFooter.h */ = {isa = PBXFileReference; fileEncoding = 4; lastKnownFileType = sourcecode.c.h; path = XTUTSectionHeaderFooter.h; sourceTree = "<group>"; };
		1E8B12D71CDC2B110071EF2A /* XTUTSectionHeaderFooter.m */ = {isa = PBXFileReference; fileEncoding = 4; lastKnownFileType = sourcecode.c.objc; path = XTUTSectionHeaderFooter.m; sourceTree = "<group>"; };
		1E8B12D91CDC367A0071EF2A /* RootTableViewController.h */ = {isa = PBXFileReference; fileEncoding = 4; lastKnownFileType = sourcecode.c.h; path = RootTableViewController.h; sourceTree = "<group>"; };
		1E8B12DA1CDC367A0071EF2A /* RootTableViewController.m */ = {isa = PBXFileReference; fileEncoding = 4; lastKnownFileType = sourcecode.c.objc; path = RootTableViewController.m; sourceTree = "<group>"; };
		1E8B12DD1CDC37570071EF2A /* SimpleViewController.h */ = {isa = PBXFileReference; fileEncoding = 4; lastKnownFileType = sourcecode.c.h; path = SimpleViewController.h; sourceTree = "<group>"; };
		1E8B12DE1CDC37570071EF2A /* SimpleViewController.m */ = {isa = PBXFileReference; fileEncoding = 4; lastKnownFileType = sourcecode.c.objc; path = SimpleViewController.m; sourceTree = "<group>"; };
		1E8B12E21CDC38D50071EF2A /* cities.json */ = {isa = PBXFileReference; fileEncoding = 4; lastKnownFileType = text.json; path = cities.json; sourceTree = "<group>"; };
		1E8B12E71CDC4D680071EF2A /* SimpleCell.h */ = {isa = PBXFileReference; fileEncoding = 4; lastKnownFileType = sourcecode.c.h; path = SimpleCell.h; sourceTree = "<group>"; };
		1E8B12E81CDC4D680071EF2A /* SimpleCell.m */ = {isa = PBXFileReference; fileEncoding = 4; lastKnownFileType = sourcecode.c.objc; path = SimpleCell.m; sourceTree = "<group>"; };
		1ECC86E31CE07FE900C60E8D /* ResumeSectionHeaderView.h */ = {isa = PBXFileReference; fileEncoding = 4; lastKnownFileType = sourcecode.c.h; path = ResumeSectionHeaderView.h; sourceTree = "<group>"; };
		1ECC86E41CE07FE900C60E8D /* ResumeSectionHeaderView.m */ = {isa = PBXFileReference; fileEncoding = 4; lastKnownFileType = sourcecode.c.objc; path = ResumeSectionHeaderView.m; sourceTree = "<group>"; };
		1ECC86E91CE0800C00C60E8D /* ResumeSectionHeader.h */ = {isa = PBXFileReference; fileEncoding = 4; lastKnownFileType = sourcecode.c.h; path = ResumeSectionHeader.h; sourceTree = "<group>"; };
		1ECC86EA1CE0800C00C60E8D /* ResumeSectionHeader.m */ = {isa = PBXFileReference; fileEncoding = 4; lastKnownFileType = sourcecode.c.objc; path = ResumeSectionHeader.m; sourceTree = "<group>"; };
		1ECC86EC1CE08A5100C60E8D /* ResumeSectionHeaderView.xib */ = {isa = PBXFileReference; fileEncoding = 4; lastKnownFileType = file.xib; path = ResumeSectionHeaderView.xib; sourceTree = "<group>"; };
		1ECC86EE1CE08E7000C60E8D /* ResumeBaseInfoCell.h */ = {isa = PBXFileReference; fileEncoding = 4; lastKnownFileType = sourcecode.c.h; path = ResumeBaseInfoCell.h; sourceTree = "<group>"; };
		1ECC86EF1CE08E7000C60E8D /* ResumeBaseInfoCell.m */ = {isa = PBXFileReference; fileEncoding = 4; lastKnownFileType = sourcecode.c.objc; path = ResumeBaseInfoCell.m; sourceTree = "<group>"; };
		1ECC86F21CE0A46600C60E8D /* NSAttributedString+XTConvenience.h */ = {isa = PBXFileReference; fileEncoding = 4; lastKnownFileType = sourcecode.c.h; path = "NSAttributedString+XTConvenience.h"; sourceTree = "<group>"; };
		1ECC86F31CE0A46600C60E8D /* NSAttributedString+XTConvenience.m */ = {isa = PBXFileReference; fileEncoding = 4; lastKnownFileType = sourcecode.c.objc; path = "NSAttributedString+XTConvenience.m"; sourceTree = "<group>"; };
		1ECC86F51CE0A58000C60E8D /* UIColor+XTConvenience.h */ = {isa = PBXFileReference; fileEncoding = 4; lastKnownFileType = sourcecode.c.h; path = "UIColor+XTConvenience.h"; sourceTree = "<group>"; };
		1ECC86F61CE0A58000C60E8D /* UIColor+XTConvenience.m */ = {isa = PBXFileReference; fileEncoding = 4; lastKnownFileType = sourcecode.c.objc; path = "UIColor+XTConvenience.m"; sourceTree = "<group>"; };
		1ECC87061CE1884100C60E8D /* NSObject+XTUTRow.h */ = {isa = PBXFileReference; fileEncoding = 4; lastKnownFileType = sourcecode.c.h; path = "NSObject+XTUTRow.h"; sourceTree = "<group>"; };
		1ECC87071CE1884100C60E8D /* NSObject+XTUTRow.m */ = {isa = PBXFileReference; fileEncoding = 4; lastKnownFileType = sourcecode.c.objc; path = "NSObject+XTUTRow.m"; sourceTree = "<group>"; };
		23C43613F19008AE76C74E76 /* Pods.debug.xcconfig */ = {isa = PBXFileReference; includeInIndex = 1; lastKnownFileType = text.xcconfig; name = Pods.debug.xcconfig; path = "Pods/Target Support Files/Pods/Pods.debug.xcconfig"; sourceTree = "<group>"; };
		3C0832FD1A294B7E915F5788 /* libPods.a */ = {isa = PBXFileReference; explicitFileType = archive.ar; includeInIndex = 0; path = libPods.a; sourceTree = BUILT_PRODUCTS_DIR; };
		EAFE3A9025DA684DD944EABE /* Pods.release.xcconfig */ = {isa = PBXFileReference; includeInIndex = 1; lastKnownFileType = text.xcconfig; name = Pods.release.xcconfig; path = "Pods/Target Support Files/Pods/Pods.release.xcconfig"; sourceTree = "<group>"; };
/* End PBXFileReference section */

/* Begin PBXFrameworksBuildPhase section */
		1E37897A1CDB2D190067C3D3 /* Frameworks */ = {
			isa = PBXFrameworksBuildPhase;
			buildActionMask = 2147483647;
			files = (
				C2AB53F2D715A94D52CF48B0 /* libPods.a in Frameworks */,
			);
			runOnlyForDeploymentPostprocessing = 0;
		};
		1E3789931CDB2D190067C3D3 /* Frameworks */ = {
			isa = PBXFrameworksBuildPhase;
			buildActionMask = 2147483647;
			files = (
			);
			runOnlyForDeploymentPostprocessing = 0;
		};
		1E37899E1CDB2D190067C3D3 /* Frameworks */ = {
			isa = PBXFrameworksBuildPhase;
			buildActionMask = 2147483647;
			files = (
			);
			runOnlyForDeploymentPostprocessing = 0;
		};
/* End PBXFrameworksBuildPhase section */

/* Begin PBXGroup section */
		1E008FF41CDB8CED00DA179F /* Core */ = {
			isa = PBXGroup;
			children = (
				1E008FF51CDB8CED00DA179F /* XTUTProtocols.h */,
				1E008FF61CDB8CED00DA179F /* XTUTProxy.h */,
				1E008FF71CDB8CED00DA179F /* XTUTProxy.m */,
			);
			path = Core;
			sourceTree = "<group>";
		};
		1E2A90051CDCB27600CFE694 /* Complicated */ = {
			isa = PBXGroup;
			children = (
				1ECC86E21CE07FE900C60E8D /* View */,
				1ECC86E61CE07FE900C60E8D /* ViewData */,
				1E2A90061CDCB29A00CFE694 /* ComplicatedViewController.h */,
				1E2A90071CDCB29A00CFE694 /* ComplicatedViewController.m */,
			);
			path = Complicated;
			sourceTree = "<group>";
		};
		1E3789741CDB2D190067C3D3 = {
			isa = PBXGroup;
			children = (
				1E3789B31CDB2D590067C3D3 /* Demo */,
				1E3789BF1CDB2D590067C3D3 /* XTUniversalTable */,
				1E3789991CDB2D190067C3D3 /* XTUniversalTableTests */,
				1E3789A41CDB2D190067C3D3 /* XTUniversalTableUITests */,
				1E37897E1CDB2D190067C3D3 /* Products */,
				940FB0DFA16484D03CE83ADD /* Pods */,
				6A1C7FF8CF941FD575EE0489 /* Frameworks */,
			);
			sourceTree = "<group>";
		};
		1E37897E1CDB2D190067C3D3 /* Products */ = {
			isa = PBXGroup;
			children = (
				1E37897D1CDB2D190067C3D3 /* XTUniversalTable.app */,
				1E3789961CDB2D190067C3D3 /* XTUniversalTableTests.xctest */,
				1E3789A11CDB2D190067C3D3 /* XTUniversalTableUITests.xctest */,
			);
			name = Products;
			sourceTree = "<group>";
		};
		1E3789991CDB2D190067C3D3 /* XTUniversalTableTests */ = {
			isa = PBXGroup;
			children = (
				1E37899A1CDB2D190067C3D3 /* XTUniversalTableTests.m */,
				1E37899C1CDB2D190067C3D3 /* Info.plist */,
			);
			path = XTUniversalTableTests;
			sourceTree = "<group>";
		};
		1E3789A41CDB2D190067C3D3 /* XTUniversalTableUITests */ = {
			isa = PBXGroup;
			children = (
				1E3789A51CDB2D190067C3D3 /* XTUniversalTableUITests.m */,
				1E3789A71CDB2D190067C3D3 /* Info.plist */,
			);
			path = XTUniversalTableUITests;
			sourceTree = "<group>";
		};
		1E3789B31CDB2D590067C3D3 /* Demo */ = {
			isa = PBXGroup;
			children = (
				1ECC86F11CE0A43800C60E8D /* Utils */,
				1E2A90051CDCB27600CFE694 /* Complicated */,
				1E8B12E01CDC387B0071EF2A /* Resource */,
				1E8B12DC1CDC37450071EF2A /* Simple */,
				1E3789B41CDB2D590067C3D3 /* AppDelegate.h */,
				1E3789B51CDB2D590067C3D3 /* AppDelegate.m */,
				1E3789B61CDB2D590067C3D3 /* Assets.xcassets */,
				1E3789B71CDB2D590067C3D3 /* LaunchScreen.storyboard */,
				1E3789B91CDB2D590067C3D3 /* Main.storyboard */,
				1E3789BB1CDB2D590067C3D3 /* Info.plist */,
				1E3789BC1CDB2D590067C3D3 /* main.m */,
				1E8B12D91CDC367A0071EF2A /* RootTableViewController.h */,
				1E8B12DA1CDC367A0071EF2A /* RootTableViewController.m */,
			);
			path = Demo;
			sourceTree = "<group>";
		};
		1E3789BF1CDB2D590067C3D3 /* XTUniversalTable */ = {
			isa = PBXGroup;
			children = (
				1E8B12C61CDC28EC0071EF2A /* Extension */,
				1E008FF41CDB8CED00DA179F /* Core */,
				1E3789E91CDB49070067C3D3 /* XTUniversalTable.h */,
			);
			path = XTUniversalTable;
			sourceTree = "<group>";
		};
		1E8B12C61CDC28EC0071EF2A /* Extension */ = {
			isa = PBXGroup;
			children = (
				1E8B12C71CDC28EC0071EF2A /* XTUTRow.h */,
				1E8B12C81CDC28EC0071EF2A /* XTUTRow.m */,
				1E8B12D61CDC2B110071EF2A /* XTUTSectionHeaderFooter.h */,
				1E8B12D71CDC2B110071EF2A /* XTUTSectionHeaderFooter.m */,
				1E8B12C91CDC28EC0071EF2A /* XTUTSection.h */,
				1E8B12CA1CDC28EC0071EF2A /* XTUTSection.m */,
				1ECC87061CE1884100C60E8D /* NSObject+XTUTRow.h */,
				1ECC87071CE1884100C60E8D /* NSObject+XTUTRow.m */,
			);
			path = Extension;
			sourceTree = "<group>";
		};
		1E8B12DC1CDC37450071EF2A /* Simple */ = {
			isa = PBXGroup;
			children = (
				1E8B12DD1CDC37570071EF2A /* SimpleViewController.h */,
				1E8B12DE1CDC37570071EF2A /* SimpleViewController.m */,
				1E8B12E71CDC4D680071EF2A /* SimpleCell.h */,
				1E8B12E81CDC4D680071EF2A /* SimpleCell.m */,
			);
			path = Simple;
			sourceTree = "<group>";
		};
		1E8B12E01CDC387B0071EF2A /* Resource */ = {
			isa = PBXGroup;
			children = (
				1E2A90021CDCADCC00CFE694 /* logo.png */,
				1E8B12E21CDC38D50071EF2A /* cities.json */,
				1E2A90001CDCA27000CFE694 /* info.json */,
			);
			path = Resource;
			sourceTree = "<group>";
		};
		1ECC86E21CE07FE900C60E8D /* View */ = {
			isa = PBXGroup;
			children = (
				1ECC86EC1CE08A5100C60E8D /* ResumeSectionHeaderView.xib */,
				1ECC86E31CE07FE900C60E8D /* ResumeSectionHeaderView.h */,
				1ECC86E41CE07FE900C60E8D /* ResumeSectionHeaderView.m */,
				1ECC86EE1CE08E7000C60E8D /* ResumeBaseInfoCell.h */,
				1ECC86EF1CE08E7000C60E8D /* ResumeBaseInfoCell.m */,
			);
			path = View;
			sourceTree = "<group>";
		};
		1ECC86E61CE07FE900C60E8D /* ViewData */ = {
			isa = PBXGroup;
			children = (
				1ECC86E91CE0800C00C60E8D /* ResumeSectionHeader.h */,
				1ECC86EA1CE0800C00C60E8D /* ResumeSectionHeader.m */,
			);
			path = ViewData;
			sourceTree = "<group>";
		};
		1ECC86F11CE0A43800C60E8D /* Utils */ = {
			isa = PBXGroup;
			children = (
				1ECC86F21CE0A46600C60E8D /* NSAttributedString+XTConvenience.h */,
				1ECC86F31CE0A46600C60E8D /* NSAttributedString+XTConvenience.m */,
				1ECC86F51CE0A58000C60E8D /* UIColor+XTConvenience.h */,
				1ECC86F61CE0A58000C60E8D /* UIColor+XTConvenience.m */,
			);
			path = Utils;
			sourceTree = "<group>";
		};
		6A1C7FF8CF941FD575EE0489 /* Frameworks */ = {
			isa = PBXGroup;
			children = (
				3C0832FD1A294B7E915F5788 /* libPods.a */,
			);
			name = Frameworks;
			sourceTree = "<group>";
		};
		940FB0DFA16484D03CE83ADD /* Pods */ = {
			isa = PBXGroup;
			children = (
				23C43613F19008AE76C74E76 /* Pods.debug.xcconfig */,
				EAFE3A9025DA684DD944EABE /* Pods.release.xcconfig */,
			);
			name = Pods;
			sourceTree = "<group>";
		};
/* End PBXGroup section */

/* Begin PBXNativeTarget section */
		1E37897C1CDB2D190067C3D3 /* XTUniversalTable */ = {
			isa = PBXNativeTarget;
			buildConfigurationList = 1E3789AA1CDB2D190067C3D3 /* Build configuration list for PBXNativeTarget "XTUniversalTable" */;
			buildPhases = (
				1A5CBFBAC0E05982DC484AEC /* Check Pods Manifest.lock */,
				1E3789791CDB2D190067C3D3 /* Sources */,
				1E37897A1CDB2D190067C3D3 /* Frameworks */,
				1E37897B1CDB2D190067C3D3 /* Resources */,
				2435B60215447BCF110B9403 /* Embed Pods Frameworks */,
				4BF2832670C023F447A6D41E /* Copy Pods Resources */,
			);
			buildRules = (
			);
			dependencies = (
			);
			name = XTUniversalTable;
			productName = XTUniversalTable;
			productReference = 1E37897D1CDB2D190067C3D3 /* XTUniversalTable.app */;
			productType = "com.apple.product-type.application";
		};
		1E3789951CDB2D190067C3D3 /* XTUniversalTableTests */ = {
			isa = PBXNativeTarget;
			buildConfigurationList = 1E3789AD1CDB2D190067C3D3 /* Build configuration list for PBXNativeTarget "XTUniversalTableTests" */;
			buildPhases = (
				1E3789921CDB2D190067C3D3 /* Sources */,
				1E3789931CDB2D190067C3D3 /* Frameworks */,
				1E3789941CDB2D190067C3D3 /* Resources */,
			);
			buildRules = (
			);
			dependencies = (
				1E3789981CDB2D190067C3D3 /* PBXTargetDependency */,
			);
			name = XTUniversalTableTests;
			productName = XTUniversalTableTests;
			productReference = 1E3789961CDB2D190067C3D3 /* XTUniversalTableTests.xctest */;
			productType = "com.apple.product-type.bundle.unit-test";
		};
		1E3789A01CDB2D190067C3D3 /* XTUniversalTableUITests */ = {
			isa = PBXNativeTarget;
			buildConfigurationList = 1E3789B01CDB2D190067C3D3 /* Build configuration list for PBXNativeTarget "XTUniversalTableUITests" */;
			buildPhases = (
				1E37899D1CDB2D190067C3D3 /* Sources */,
				1E37899E1CDB2D190067C3D3 /* Frameworks */,
				1E37899F1CDB2D190067C3D3 /* Resources */,
			);
			buildRules = (
			);
			dependencies = (
				1E3789A31CDB2D190067C3D3 /* PBXTargetDependency */,
			);
			name = XTUniversalTableUITests;
			productName = XTUniversalTableUITests;
			productReference = 1E3789A11CDB2D190067C3D3 /* XTUniversalTableUITests.xctest */;
			productType = "com.apple.product-type.bundle.ui-testing";
		};
/* End PBXNativeTarget section */

/* Begin PBXProject section */
		1E3789751CDB2D190067C3D3 /* Project object */ = {
			isa = PBXProject;
			attributes = {
				LastUpgradeCheck = 0730;
				ORGANIZATIONNAME = "X-Team";
				TargetAttributes = {
					1E37897C1CDB2D190067C3D3 = {
						CreatedOnToolsVersion = 7.3;
					};
					1E3789951CDB2D190067C3D3 = {
						CreatedOnToolsVersion = 7.3;
						TestTargetID = 1E37897C1CDB2D190067C3D3;
					};
					1E3789A01CDB2D190067C3D3 = {
						CreatedOnToolsVersion = 7.3;
						TestTargetID = 1E37897C1CDB2D190067C3D3;
					};
				};
			};
			buildConfigurationList = 1E3789781CDB2D190067C3D3 /* Build configuration list for PBXProject "XTUniversalTable" */;
			compatibilityVersion = "Xcode 3.2";
			developmentRegion = English;
			hasScannedForEncodings = 0;
			knownRegions = (
				en,
				Base,
			);
			mainGroup = 1E3789741CDB2D190067C3D3;
			productRefGroup = 1E37897E1CDB2D190067C3D3 /* Products */;
			projectDirPath = "";
			projectRoot = "";
			targets = (
				1E37897C1CDB2D190067C3D3 /* XTUniversalTable */,
				1E3789951CDB2D190067C3D3 /* XTUniversalTableTests */,
				1E3789A01CDB2D190067C3D3 /* XTUniversalTableUITests */,
			);
		};
/* End PBXProject section */

/* Begin PBXResourcesBuildPhase section */
		1E37897B1CDB2D190067C3D3 /* Resources */ = {
			isa = PBXResourcesBuildPhase;
			buildActionMask = 2147483647;
			files = (
				1E3789C41CDB2D590067C3D3 /* Info.plist in Resources */,
				1E8B12E31CDC38D50071EF2A /* cities.json in Resources */,
				1E3789C31CDB2D590067C3D3 /* Main.storyboard in Resources */,
				1E3789C11CDB2D590067C3D3 /* Assets.xcassets in Resources */,
				1E2A90031CDCADCC00CFE694 /* logo.png in Resources */,
				1E3789C21CDB2D590067C3D3 /* LaunchScreen.storyboard in Resources */,
				1ECC86ED1CE08A5100C60E8D /* ResumeSectionHeaderView.xib in Resources */,
				1E2A90011CDCA27000CFE694 /* info.json in Resources */,
			);
			runOnlyForDeploymentPostprocessing = 0;
		};
		1E3789941CDB2D190067C3D3 /* Resources */ = {
			isa = PBXResourcesBuildPhase;
			buildActionMask = 2147483647;
			files = (
			);
			runOnlyForDeploymentPostprocessing = 0;
		};
		1E37899F1CDB2D190067C3D3 /* Resources */ = {
			isa = PBXResourcesBuildPhase;
			buildActionMask = 2147483647;
			files = (
			);
			runOnlyForDeploymentPostprocessing = 0;
		};
/* End PBXResourcesBuildPhase section */

/* Begin PBXShellScriptBuildPhase section */
		1A5CBFBAC0E05982DC484AEC /* Check Pods Manifest.lock */ = {
			isa = PBXShellScriptBuildPhase;
			buildActionMask = 2147483647;
			files = (
			);
			inputPaths = (
			);
			name = "Check Pods Manifest.lock";
			outputPaths = (
			);
			runOnlyForDeploymentPostprocessing = 0;
			shellPath = /bin/sh;
			shellScript = "diff \"${PODS_ROOT}/../Podfile.lock\" \"${PODS_ROOT}/Manifest.lock\" > /dev/null\nif [[ $? != 0 ]] ; then\n    cat << EOM\nerror: The sandbox is not in sync with the Podfile.lock. Run 'pod install' or update your CocoaPods installation.\nEOM\n    exit 1\nfi\n";
			showEnvVarsInLog = 0;
		};
		2435B60215447BCF110B9403 /* Embed Pods Frameworks */ = {
			isa = PBXShellScriptBuildPhase;
			buildActionMask = 2147483647;
			files = (
			);
			inputPaths = (
			);
			name = "Embed Pods Frameworks";
			outputPaths = (
			);
			runOnlyForDeploymentPostprocessing = 0;
			shellPath = /bin/sh;
			shellScript = "\"${SRCROOT}/Pods/Target Support Files/Pods/Pods-frameworks.sh\"\n";
			showEnvVarsInLog = 0;
		};
		4BF2832670C023F447A6D41E /* Copy Pods Resources */ = {
			isa = PBXShellScriptBuildPhase;
			buildActionMask = 2147483647;
			files = (
			);
			inputPaths = (
			);
			name = "Copy Pods Resources";
			outputPaths = (
			);
			runOnlyForDeploymentPostprocessing = 0;
			shellPath = /bin/sh;
			shellScript = "\"${SRCROOT}/Pods/Target Support Files/Pods/Pods-resources.sh\"\n";
			showEnvVarsInLog = 0;
		};
/* End PBXShellScriptBuildPhase section */

/* Begin PBXSourcesBuildPhase section */
		1E3789791CDB2D190067C3D3 /* Sources */ = {
			isa = PBXSourcesBuildPhase;
			buildActionMask = 2147483647;
			files = (
				1E8B12DB1CDC367A0071EF2A /* RootTableViewController.m in Sources */,
				1ECC86F41CE0A46600C60E8D /* NSAttributedString+XTConvenience.m in Sources */,
				1E8B12E91CDC4D680071EF2A /* SimpleCell.m in Sources */,
				1ECC86F71CE0A58000C60E8D /* UIColor+XTConvenience.m in Sources */,
				1E8B12D01CDC28EC0071EF2A /* XTUTSection.m in Sources */,
				1ECC86F01CE08E7000C60E8D /* ResumeBaseInfoCell.m in Sources */,
				1ECC86EB1CE0800C00C60E8D /* ResumeSectionHeader.m in Sources */,
				1E8B12DF1CDC37570071EF2A /* SimpleViewController.m in Sources */,
				1E2A90081CDCB29A00CFE694 /* ComplicatedViewController.m in Sources */,
				1E3789C51CDB2D590067C3D3 /* main.m in Sources */,
				1E3789C01CDB2D590067C3D3 /* AppDelegate.m in Sources */,
				1E8B12D81CDC2B110071EF2A /* XTUTSectionHeaderFooter.m in Sources */,
				1ECC86E71CE07FE900C60E8D /* ResumeSectionHeaderView.m in Sources */,
				1ECC87081CE1884100C60E8D /* NSObject+XTUTRow.m in Sources */,
				1E8B12CF1CDC28EC0071EF2A /* XTUTRow.m in Sources */,
				1E008FF81CDB8CED00DA179F /* XTUTProxy.m in Sources */,
			);
			runOnlyForDeploymentPostprocessing = 0;
		};
		1E3789921CDB2D190067C3D3 /* Sources */ = {
			isa = PBXSourcesBuildPhase;
			buildActionMask = 2147483647;
			files = (
				1E37899B1CDB2D190067C3D3 /* XTUniversalTableTests.m in Sources */,
			);
			runOnlyForDeploymentPostprocessing = 0;
		};
		1E37899D1CDB2D190067C3D3 /* Sources */ = {
			isa = PBXSourcesBuildPhase;
			buildActionMask = 2147483647;
			files = (
				1E3789A61CDB2D190067C3D3 /* XTUniversalTableUITests.m in Sources */,
			);
			runOnlyForDeploymentPostprocessing = 0;
		};
/* End PBXSourcesBuildPhase section */

/* Begin PBXTargetDependency section */
		1E3789981CDB2D190067C3D3 /* PBXTargetDependency */ = {
			isa = PBXTargetDependency;
			target = 1E37897C1CDB2D190067C3D3 /* XTUniversalTable */;
			targetProxy = 1E3789971CDB2D190067C3D3 /* PBXContainerItemProxy */;
		};
		1E3789A31CDB2D190067C3D3 /* PBXTargetDependency */ = {
			isa = PBXTargetDependency;
			target = 1E37897C1CDB2D190067C3D3 /* XTUniversalTable */;
			targetProxy = 1E3789A21CDB2D190067C3D3 /* PBXContainerItemProxy */;
		};
/* End PBXTargetDependency section */

/* Begin PBXVariantGroup section */
		1E3789B71CDB2D590067C3D3 /* LaunchScreen.storyboard */ = {
			isa = PBXVariantGroup;
			children = (
				1E3789B81CDB2D590067C3D3 /* Base */,
			);
			name = LaunchScreen.storyboard;
			sourceTree = "<group>";
		};
		1E3789B91CDB2D590067C3D3 /* Main.storyboard */ = {
			isa = PBXVariantGroup;
			children = (
				1E3789BA1CDB2D590067C3D3 /* Base */,
			);
			name = Main.storyboard;
			sourceTree = "<group>";
		};
/* End PBXVariantGroup section */

/* Begin XCBuildConfiguration section */
		1E3789A81CDB2D190067C3D3 /* Debug */ = {
			isa = XCBuildConfiguration;
			buildSettings = {
				ALWAYS_SEARCH_USER_PATHS = NO;
				CLANG_ANALYZER_NONNULL = YES;
				CLANG_CXX_LANGUAGE_STANDARD = "gnu++0x";
				CLANG_CXX_LIBRARY = "libc++";
				CLANG_ENABLE_MODULES = YES;
				CLANG_ENABLE_OBJC_ARC = YES;
				CLANG_WARN_BOOL_CONVERSION = YES;
				CLANG_WARN_CONSTANT_CONVERSION = YES;
				CLANG_WARN_DIRECT_OBJC_ISA_USAGE = YES_ERROR;
				CLANG_WARN_EMPTY_BODY = YES;
				CLANG_WARN_ENUM_CONVERSION = YES;
				CLANG_WARN_INT_CONVERSION = YES;
				CLANG_WARN_OBJC_ROOT_CLASS = YES_ERROR;
				CLANG_WARN_UNREACHABLE_CODE = YES;
				CLANG_WARN__DUPLICATE_METHOD_MATCH = YES;
				"CODE_SIGN_IDENTITY[sdk=iphoneos*]" = "iPhone Developer";
				COPY_PHASE_STRIP = NO;
				DEBUG_INFORMATION_FORMAT = dwarf;
				ENABLE_STRICT_OBJC_MSGSEND = YES;
				ENABLE_TESTABILITY = YES;
				GCC_C_LANGUAGE_STANDARD = gnu99;
				GCC_DYNAMIC_NO_PIC = NO;
				GCC_NO_COMMON_BLOCKS = YES;
				GCC_OPTIMIZATION_LEVEL = 0;
				GCC_PREPROCESSOR_DEFINITIONS = (
					"DEBUG=1",
					"$(inherited)",
				);
				GCC_WARN_64_TO_32_BIT_CONVERSION = YES;
				GCC_WARN_ABOUT_RETURN_TYPE = YES_ERROR;
				GCC_WARN_UNDECLARED_SELECTOR = YES;
				GCC_WARN_UNINITIALIZED_AUTOS = YES_AGGRESSIVE;
				GCC_WARN_UNUSED_FUNCTION = YES;
				GCC_WARN_UNUSED_VARIABLE = YES;
				IPHONEOS_DEPLOYMENT_TARGET = 9.3;
				MTL_ENABLE_DEBUG_INFO = YES;
				ONLY_ACTIVE_ARCH = YES;
				SDKROOT = iphoneos;
				TARGETED_DEVICE_FAMILY = "1,2";
			};
			name = Debug;
		};
		1E3789A91CDB2D190067C3D3 /* Release */ = {
			isa = XCBuildConfiguration;
			buildSettings = {
				ALWAYS_SEARCH_USER_PATHS = NO;
				CLANG_ANALYZER_NONNULL = YES;
				CLANG_CXX_LANGUAGE_STANDARD = "gnu++0x";
				CLANG_CXX_LIBRARY = "libc++";
				CLANG_ENABLE_MODULES = YES;
				CLANG_ENABLE_OBJC_ARC = YES;
				CLANG_WARN_BOOL_CONVERSION = YES;
				CLANG_WARN_CONSTANT_CONVERSION = YES;
				CLANG_WARN_DIRECT_OBJC_ISA_USAGE = YES_ERROR;
				CLANG_WARN_EMPTY_BODY = YES;
				CLANG_WARN_ENUM_CONVERSION = YES;
				CLANG_WARN_INT_CONVERSION = YES;
				CLANG_WARN_OBJC_ROOT_CLASS = YES_ERROR;
				CLANG_WARN_UNREACHABLE_CODE = YES;
				CLANG_WARN__DUPLICATE_METHOD_MATCH = YES;
				"CODE_SIGN_IDENTITY[sdk=iphoneos*]" = "iPhone Developer";
				COPY_PHASE_STRIP = NO;
				DEBUG_INFORMATION_FORMAT = "dwarf-with-dsym";
				ENABLE_NS_ASSERTIONS = NO;
				ENABLE_STRICT_OBJC_MSGSEND = YES;
				GCC_C_LANGUAGE_STANDARD = gnu99;
				GCC_NO_COMMON_BLOCKS = YES;
				GCC_WARN_64_TO_32_BIT_CONVERSION = YES;
				GCC_WARN_ABOUT_RETURN_TYPE = YES_ERROR;
				GCC_WARN_UNDECLARED_SELECTOR = YES;
				GCC_WARN_UNINITIALIZED_AUTOS = YES_AGGRESSIVE;
				GCC_WARN_UNUSED_FUNCTION = YES;
				GCC_WARN_UNUSED_VARIABLE = YES;
				IPHONEOS_DEPLOYMENT_TARGET = 9.3;
				MTL_ENABLE_DEBUG_INFO = NO;
				SDKROOT = iphoneos;
				TARGETED_DEVICE_FAMILY = "1,2";
				VALIDATE_PRODUCT = YES;
			};
			name = Release;
		};
		1E3789AB1CDB2D190067C3D3 /* Debug */ = {
			isa = XCBuildConfiguration;
			baseConfigurationReference = 23C43613F19008AE76C74E76 /* Pods.debug.xcconfig */;
			buildSettings = {
				ASSETCATALOG_COMPILER_APPICON_NAME = AppIcon;
				INFOPLIST_FILE = Demo/Info.plist;
				LD_RUNPATH_SEARCH_PATHS = "$(inherited) @executable_path/Frameworks";
				PRODUCT_BUNDLE_IDENTIFIER = com.xt.XTUniversalTable;
				PRODUCT_NAME = "$(TARGET_NAME)";
			};
			name = Debug;
		};
		1E3789AC1CDB2D190067C3D3 /* Release */ = {
			isa = XCBuildConfiguration;
			baseConfigurationReference = EAFE3A9025DA684DD944EABE /* Pods.release.xcconfig */;
			buildSettings = {
				ASSETCATALOG_COMPILER_APPICON_NAME = AppIcon;
				INFOPLIST_FILE = Demo/Info.plist;
				LD_RUNPATH_SEARCH_PATHS = "$(inherited) @executable_path/Frameworks";
				PRODUCT_BUNDLE_IDENTIFIER = com.xt.XTUniversalTable;
				PRODUCT_NAME = "$(TARGET_NAME)";
			};
			name = Release;
		};
		1E3789AE1CDB2D190067C3D3 /* Debug */ = {
			isa = XCBuildConfiguration;
			buildSettings = {
				BUNDLE_LOADER = "$(TEST_HOST)";
				INFOPLIST_FILE = XTUniversalTableTests/Info.plist;
				LD_RUNPATH_SEARCH_PATHS = "$(inherited) @executable_path/Frameworks @loader_path/Frameworks";
				PRODUCT_BUNDLE_IDENTIFIER = com.xt.XTUniversalTableTests;
				PRODUCT_NAME = "$(TARGET_NAME)";
				TEST_HOST = "$(BUILT_PRODUCTS_DIR)/XTUniversalTable.app/XTUniversalTable";
			};
			name = Debug;
		};
		1E3789AF1CDB2D190067C3D3 /* Release */ = {
			isa = XCBuildConfiguration;
			buildSettings = {
				BUNDLE_LOADER = "$(TEST_HOST)";
				INFOPLIST_FILE = XTUniversalTableTests/Info.plist;
				LD_RUNPATH_SEARCH_PATHS = "$(inherited) @executable_path/Frameworks @loader_path/Frameworks";
				PRODUCT_BUNDLE_IDENTIFIER = com.xt.XTUniversalTableTests;
				PRODUCT_NAME = "$(TARGET_NAME)";
				TEST_HOST = "$(BUILT_PRODUCTS_DIR)/XTUniversalTable.app/XTUniversalTable";
			};
			name = Release;
		};
		1E3789B11CDB2D190067C3D3 /* Debug */ = {
			isa = XCBuildConfiguration;
			buildSettings = {
				INFOPLIST_FILE = XTUniversalTableUITests/Info.plist;
				LD_RUNPATH_SEARCH_PATHS = "$(inherited) @executable_path/Frameworks @loader_path/Frameworks";
				PRODUCT_BUNDLE_IDENTIFIER = com.xt.XTUniversalTableUITests;
				PRODUCT_NAME = "$(TARGET_NAME)";
				TEST_TARGET_NAME = XTUniversalTable;
			};
			name = Debug;
		};
		1E3789B21CDB2D190067C3D3 /* Release */ = {
			isa = XCBuildConfiguration;
			buildSettings = {
				INFOPLIST_FILE = XTUniversalTableUITests/Info.plist;
				LD_RUNPATH_SEARCH_PATHS = "$(inherited) @executable_path/Frameworks @loader_path/Frameworks";
				PRODUCT_BUNDLE_IDENTIFIER = com.xt.XTUniversalTableUITests;
				PRODUCT_NAME = "$(TARGET_NAME)";
				TEST_TARGET_NAME = XTUniversalTable;
			};
			name = Release;
		};
/* End XCBuildConfiguration section */

/* Begin XCConfigurationList section */
		1E3789781CDB2D190067C3D3 /* Build configuration list for PBXProject "XTUniversalTable" */ = {
			isa = XCConfigurationList;
			buildConfigurations = (
				1E3789A81CDB2D190067C3D3 /* Debug */,
				1E3789A91CDB2D190067C3D3 /* Release */,
			);
			defaultConfigurationIsVisible = 0;
			defaultConfigurationName = Release;
		};
		1E3789AA1CDB2D190067C3D3 /* Build configuration list for PBXNativeTarget "XTUniversalTable" */ = {
			isa = XCConfigurationList;
			buildConfigurations = (
				1E3789AB1CDB2D190067C3D3 /* Debug */,
				1E3789AC1CDB2D190067C3D3 /* Release */,
			);
			defaultConfigurationIsVisible = 0;
			defaultConfigurationName = Release;
		};
		1E3789AD1CDB2D190067C3D3 /* Build configuration list for PBXNativeTarget "XTUniversalTableTests" */ = {
			isa = XCConfigurationList;
			buildConfigurations = (
				1E3789AE1CDB2D190067C3D3 /* Debug */,
				1E3789AF1CDB2D190067C3D3 /* Release */,
			);
			defaultConfigurationIsVisible = 0;
			defaultConfigurationName = Release;
		};
		1E3789B01CDB2D190067C3D3 /* Build configuration list for PBXNativeTarget "XTUniversalTableUITests" */ = {
			isa = XCConfigurationList;
			buildConfigurations = (
				1E3789B11CDB2D190067C3D3 /* Debug */,
				1E3789B21CDB2D190067C3D3 /* Release */,
			);
			defaultConfigurationIsVisible = 0;
			defaultConfigurationName = Release;
		};
/* End XCConfigurationList section */
	};
	rootObject = 1E3789751CDB2D190067C3D3 /* Project object */;
}
